{
  "name": "react-scripts",
  "version": "3.0.1",
  "lockfileVersion": 1,
  "requires": true,
  "dependencies": {
    "create-react-app": {
      "version": "git+https://git@github.com/kinoadr/create-react-app.git#a5847c33aa29f7b4db4ca4391b70d6d870239923",
      "from": "git+https://git@github.com/kinoadr/create-react-app.git#custom-workbox-config"
    }
  }
}
